# THIS IS AN AUTOGENERATED FILE. DO NOT EDIT THIS FILE DIRECTLY.
# yarn lockfile v1


"@simbathesailor/randomnumberlib@^0.1.0":
  version "0.1.0"
  resolved "https://npm.pkg.github.com/download/@simbathesailor/randomnumberlib/0.1.0/b265e92b8ff997d648c10d02cf711da4e7e8179d51f4f6d8b64dfa033a80e3a1#b7578992508ea3ae37aff0634c8019ef87617fa3"
  integrity sha512-ubsEayniSdQv1Efuemh3scbH6HJ0jb+Dt6epmr/G2HSVlG8GEHt5akDQFzlVL0mdpmiZowHFJxXueXDRz0yeGA==
